# This file is automatically @generated by Cargo.
# It is not intended for manual editing.
version = 4

[[package]]
name = "bokfell"
version = "0.1.0"

[[package]]
name = "bokfell-aggregate"
version = "0.1.0"

[[package]]
name = "bokfell-coverage"
version = "0.1.0"

[[package]]
name = "bokfell-diff"
version = "0.1.0"

[[package]]
name = "bokfell-model"
version = "0.1.0"

[[package]]
name = "bokfell-render"
version = "0.1.0"

[[package]]
name = "bokfell-search"
version = "0.1.0"

[[package]]
name = "bokfell-serve"
version = "0.1.0"

[[package]]
name = "bokfell-theme"
version = "0.1.0"
